// !$*UTF8*$!
{
	archiveVersion = 1;
	classes = {
	};
	objectVersion = 45;
	objects = {

/* Begin PBXBuildFile section */
		0829D0DA1D2A5F0F0027B766 /* SQLiteSyncCOMSync.m in Sources */ = {isa = PBXBuildFile; fileRef = 0829D0D81D2A5F0F0027B766 /* SQLiteSyncCOMSync.m */; };
		089D6E201D3FB7BE00B96D98 /* Media.xcassets in Resources */ = {isa = PBXBuildFile; fileRef = 089D6E1F1D3FB7BE00B96D98 /* Media.xcassets */; };
		08FA114B1D422FDE000BC44D /* tableView.xib in Resources */ = {isa = PBXBuildFile; fileRef = 08FA114A1D422FDE000BC44D /* tableView.xib */; };
		08FA114D1D42300E000BC44D /* tableView.m in Sources */ = {isa = PBXBuildFile; fileRef = 08FA114C1D42300E000BC44D /* tableView.m */; };
		08FA11541D424E9F000BC44D /* MyCell.m in Sources */ = {isa = PBXBuildFile; fileRef = 08FA11521D424E9F000BC44D /* MyCell.m */; };
		08FA11551D424E9F000BC44D /* MyCell.xib in Resources */ = {isa = PBXBuildFile; fileRef = 08FA11531D424E9F000BC44D /* MyCell.xib */; };
		1D3623260D0F684500981E51 /* W3WebServiceAppDelegate.m in Sources */ = {isa = PBXBuildFile; fileRef = 1D3623250D0F684500981E51 /* W3WebServiceAppDelegate.m */; };
		1D60589B0D05DD56006BFB54 /* main.m in Sources */ = {isa = PBXBuildFile; fileRef = 29B97316FDCFA39411CA2CEA /* main.m */; };
		1D60589F0D05DD5A006BFB54 /* Foundation.framework in Frameworks */ = {isa = PBXBuildFile; fileRef = 1D30AB110D05D00D00671497 /* Foundation.framework */; };
		1DF5F4E00D08C38300B7A737 /* UIKit.framework in Frameworks */ = {isa = PBXBuildFile; fileRef = 1DF5F4DF0D08C38300B7A737 /* UIKit.framework */; };
		288765FD0DF74451002DB57D /* CoreGraphics.framework in Frameworks */ = {isa = PBXBuildFile; fileRef = 288765FC0DF74451002DB57D /* CoreGraphics.framework */; };
		28AD733F0D9D9553002E5188 /* MainWindow.xib in Resources */ = {isa = PBXBuildFile; fileRef = 28AD733E0D9D9553002E5188 /* MainWindow.xib */; };
		3D95D88C1358CE13000906CB /* myView.m in Sources */ = {isa = PBXBuildFile; fileRef = 3D95D88A1358CE13000906CB /* myView.m */; };
		3D95D88D1358CE13000906CB /* myView.xib in Resources */ = {isa = PBXBuildFile; fileRef = 3D95D88B1358CE13000906CB /* myView.xib */; };
		400F47531A43394F00173343 /* DBManager.m in Sources */ = {isa = PBXBuildFile; fileRef = 400F47521A43394F00173343 /* DBManager.m */; };
		400F47561A43471C00173343 /* libsqlite3.dylib in Frameworks */ = {isa = PBXBuildFile; fileRef = 400F47551A43471C00173343 /* libsqlite3.dylib */; };
		400F47571A434A6000173343 /* sqlitesync.db in Resources */ = {isa = PBXBuildFile; fileRef = 400F47541A433C0C00173343 /* sqlitesync.db */; };
		401122661A57F95200724DD2 /* SQLiteSyncDataObject.m in Sources */ = {isa = PBXBuildFile; fileRef = 401122651A57F95200724DD2 /* SQLiteSyncDataObject.m */; };
		401122691A58181700724DD2 /* XMLReader.m in Sources */ = {isa = PBXBuildFile; fileRef = 401122681A58181700724DD2 /* XMLReader.m */; };
		40264DC51A52D339005F450B /* SQLiteSyncCOMCore.m in Sources */ = {isa = PBXBuildFile; fileRef = 40264DC41A52D339005F450B /* SQLiteSyncCOMCore.m */; };
		402CC4441A4384970077DFD9 /* JSONModel.m in Sources */ = {isa = PBXBuildFile; fileRef = 402CC42D1A4384960077DFD9 /* JSONModel.m */; settings = {COMPILER_FLAGS = "-fobjc-arc"; }; };
		402CC4451A4384970077DFD9 /* JSONModelArray.m in Sources */ = {isa = PBXBuildFile; fileRef = 402CC42F1A4384970077DFD9 /* JSONModelArray.m */; };
		402CC4461A4384970077DFD9 /* JSONModelClassProperty.m in Sources */ = {isa = PBXBuildFile; fileRef = 402CC4311A4384970077DFD9 /* JSONModelClassProperty.m */; };
		402CC4471A4384970077DFD9 /* JSONModelError.m in Sources */ = {isa = PBXBuildFile; fileRef = 402CC4331A4384970077DFD9 /* JSONModelError.m */; };
		402CC4481A4384970077DFD9 /* NSArray+JSONModel.m in Sources */ = {isa = PBXBuildFile; fileRef = 402CC4361A4384970077DFD9 /* NSArray+JSONModel.m */; };
		402CC4491A4384970077DFD9 /* JSONAPI.m in Sources */ = {isa = PBXBuildFile; fileRef = 402CC43A1A4384970077DFD9 /* JSONAPI.m */; };
		402CC44A1A4384970077DFD9 /* JSONHTTPClient.m in Sources */ = {isa = PBXBuildFile; fileRef = 402CC43C1A4384970077DFD9 /* JSONHTTPClient.m */; };
		402CC44B1A4384970077DFD9 /* JSONModel+networking.m in Sources */ = {isa = PBXBuildFile; fileRef = 402CC43E1A4384970077DFD9 /* JSONModel+networking.m */; };
		402CC44C1A4384970077DFD9 /* JSONKeyMapper.m in Sources */ = {isa = PBXBuildFile; fileRef = 402CC4411A4384970077DFD9 /* JSONKeyMapper.m */; };
		402CC44D1A4384970077DFD9 /* JSONValueTransformer.m in Sources */ = {isa = PBXBuildFile; fileRef = 402CC4431A4384970077DFD9 /* JSONValueTransformer.m */; };
		4066BD471A4A20DB006FAA44 /* CoreData.framework in Frameworks */ = {isa = PBXBuildFile; fileRef = 4066BD461A4A20DB006FAA44 /* CoreData.framework */; };
		4066BD481A4A20EB006FAA44 /* SystemConfiguration.framework in Frameworks */ = {isa = PBXBuildFile; fileRef = 406645491A47041800DBEC92 /* SystemConfiguration.framework */; };
		4083215C1A9667BE000DDC35 /* libxml2.dylib in Frameworks */ = {isa = PBXBuildFile; fileRef = 40DE4ACE1A7D891C00F8234A /* libxml2.dylib */; };
/* End PBXBuildFile section */

/* Begin PBXFileReference section */
		0829D0D81D2A5F0F0027B766 /* SQLiteSyncCOMSync.m */ = {isa = PBXFileReference; fileEncoding = 4; lastKnownFileType = sourcecode.c.objc; path = SQLiteSyncCOMSync.m; sourceTree = "<group>"; };
		0829D0D91D2A5F0F0027B766 /* SQLiteSyncCOMSync.h */ = {isa = PBXFileReference; fileEncoding = 4; lastKnownFileType = sourcecode.c.h; path = SQLiteSyncCOMSync.h; sourceTree = "<group>"; };
		089D6E1F1D3FB7BE00B96D98 /* Media.xcassets */ = {isa = PBXFileReference; lastKnownFileType = folder.assetcatalog; path = Media.xcassets; sourceTree = "<group>"; };
		08FA114A1D422FDE000BC44D /* tableView.xib */ = {isa = PBXFileReference; fileEncoding = 4; lastKnownFileType = file.xib; path = tableView.xib; sourceTree = "<group>"; };
		08FA114C1D42300E000BC44D /* tableView.m */ = {isa = PBXFileReference; fileEncoding = 4; lastKnownFileType = sourcecode.c.objc; path = tableView.m; sourceTree = "<group>"; };
		08FA114E1D423018000BC44D /* tableView.h */ = {isa = PBXFileReference; lastKnownFileType = sourcecode.c.h; path = tableView.h; sourceTree = "<group>"; };
		08FA11511D424E9F000BC44D /* MyCell.h */ = {isa = PBXFileReference; fileEncoding = 4; lastKnownFileType = sourcecode.c.h; path = MyCell.h; sourceTree = "<group>"; };
		08FA11521D424E9F000BC44D /* MyCell.m */ = {isa = PBXFileReference; fileEncoding = 4; lastKnownFileType = sourcecode.c.objc; path = MyCell.m; sourceTree = "<group>"; };
		08FA11531D424E9F000BC44D /* MyCell.xib */ = {isa = PBXFileReference; fileEncoding = 4; lastKnownFileType = file.xib; path = MyCell.xib; sourceTree = "<group>"; };
		1D30AB110D05D00D00671497 /* Foundation.framework */ = {isa = PBXFileReference; lastKnownFileType = wrapper.framework; name = Foundation.framework; path = System/Library/Frameworks/Foundation.framework; sourceTree = SDKROOT; };
		1D3623240D0F684500981E51 /* W3WebServiceAppDelegate.h */ = {isa = PBXFileReference; fileEncoding = 4; lastKnownFileType = sourcecode.c.h; path = W3WebServiceAppDelegate.h; sourceTree = "<group>"; };
		1D3623250D0F684500981E51 /* W3WebServiceAppDelegate.m */ = {isa = PBXFileReference; fileEncoding = 4; lastKnownFileType = sourcecode.c.objc; path = W3WebServiceAppDelegate.m; sourceTree = "<group>"; };
		1D6058910D05DD3D006BFB54 /* iOS Library.app */ = {isa = PBXFileReference; explicitFileType = wrapper.application; includeInIndex = 0; path = "iOS Library.app"; sourceTree = BUILT_PRODUCTS_DIR; };
		1DF5F4DF0D08C38300B7A737 /* UIKit.framework */ = {isa = PBXFileReference; lastKnownFileType = wrapper.framework; name = UIKit.framework; path = System/Library/Frameworks/UIKit.framework; sourceTree = SDKROOT; };
		288765FC0DF74451002DB57D /* CoreGraphics.framework */ = {isa = PBXFileReference; lastKnownFileType = wrapper.framework; name = CoreGraphics.framework; path = System/Library/Frameworks/CoreGraphics.framework; sourceTree = SDKROOT; };
		28AD733E0D9D9553002E5188 /* MainWindow.xib */ = {isa = PBXFileReference; lastKnownFileType = file.xib; path = MainWindow.xib; sourceTree = "<group>"; };
		29B97316FDCFA39411CA2CEA /* main.m */ = {isa = PBXFileReference; fileEncoding = 4; lastKnownFileType = sourcecode.c.objc; path = main.m; sourceTree = "<group>"; };
		32CA4F630368D1EE00C91783 /* iOS Library_Prefix.pch */ = {isa = PBXFileReference; fileEncoding = 4; lastKnownFileType = sourcecode.c.h; path = "iOS Library_Prefix.pch"; sourceTree = "<group>"; };
		3D95D8891358CE13000906CB /* myView.h */ = {isa = PBXFileReference; fileEncoding = 4; lastKnownFileType = sourcecode.c.h; path = myView.h; sourceTree = "<group>"; };
		3D95D88A1358CE13000906CB /* myView.m */ = {isa = PBXFileReference; fileEncoding = 4; lastKnownFileType = sourcecode.c.objc; path = myView.m; sourceTree = "<group>"; };
		3D95D88B1358CE13000906CB /* myView.xib */ = {isa = PBXFileReference; lastKnownFileType = file.xib; path = myView.xib; sourceTree = "<group>"; };
		400F47511A43394F00173343 /* DBManager.h */ = {isa = PBXFileReference; fileEncoding = 4; lastKnownFileType = sourcecode.c.h; path = DBManager.h; sourceTree = "<group>"; };
		400F47521A43394F00173343 /* DBManager.m */ = {isa = PBXFileReference; fileEncoding = 4; lastKnownFileType = sourcecode.c.objc; path = DBManager.m; sourceTree = "<group>"; };
		400F47541A433C0C00173343 /* sqlitesync.db */ = {isa = PBXFileReference; lastKnownFileType = file; path = sqlitesync.db; sourceTree = "<group>"; };
		400F47551A43471C00173343 /* libsqlite3.dylib */ = {isa = PBXFileReference; lastKnownFileType = "compiled.mach-o.dylib"; name = libsqlite3.dylib; path = usr/lib/libsqlite3.dylib; sourceTree = SDKROOT; };
		401122641A57F95200724DD2 /* SQLiteSyncDataObject.h */ = {isa = PBXFileReference; fileEncoding = 4; lastKnownFileType = sourcecode.c.h; path = SQLiteSyncDataObject.h; sourceTree = "<group>"; };
		401122651A57F95200724DD2 /* SQLiteSyncDataObject.m */ = {isa = PBXFileReference; fileEncoding = 4; lastKnownFileType = sourcecode.c.objc; path = SQLiteSyncDataObject.m; sourceTree = "<group>"; };
		401122671A58181700724DD2 /* XMLReader.h */ = {isa = PBXFileReference; fileEncoding = 4; lastKnownFileType = sourcecode.c.h; path = XMLReader.h; sourceTree = "<group>"; };
		401122681A58181700724DD2 /* XMLReader.m */ = {isa = PBXFileReference; fileEncoding = 4; lastKnownFileType = sourcecode.c.objc; path = XMLReader.m; sourceTree = "<group>"; };
		40264DC31A52D339005F450B /* SQLiteSyncCOMCore.h */ = {isa = PBXFileReference; fileEncoding = 4; lastKnownFileType = sourcecode.c.h; path = SQLiteSyncCOMCore.h; sourceTree = "<group>"; };
		40264DC41A52D339005F450B /* SQLiteSyncCOMCore.m */ = {isa = PBXFileReference; fileEncoding = 4; lastKnownFileType = sourcecode.c.objc; path = SQLiteSyncCOMCore.m; sourceTree = "<group>"; };
		402CC42C1A4384960077DFD9 /* JSONModel.h */ = {isa = PBXFileReference; fileEncoding = 4; lastKnownFileType = sourcecode.c.h; path = JSONModel.h; sourceTree = "<group>"; };
		402CC42D1A4384960077DFD9 /* JSONModel.m */ = {isa = PBXFileReference; fileEncoding = 4; lastKnownFileType = sourcecode.c.objc; path = JSONModel.m; sourceTree = "<group>"; };
		402CC42E1A4384960077DFD9 /* JSONModelArray.h */ = {isa = PBXFileReference; fileEncoding = 4; lastKnownFileType = sourcecode.c.h; path = JSONModelArray.h; sourceTree = "<group>"; };
		402CC42F1A4384970077DFD9 /* JSONModelArray.m */ = {isa = PBXFileReference; fileEncoding = 4; lastKnownFileType = sourcecode.c.objc; path = JSONModelArray.m; sourceTree = "<group>"; };
		402CC4301A4384970077DFD9 /* JSONModelClassProperty.h */ = {isa = PBXFileReference; fileEncoding = 4; lastKnownFileType = sourcecode.c.h; path = JSONModelClassProperty.h; sourceTree = "<group>"; };
		402CC4311A4384970077DFD9 /* JSONModelClassProperty.m */ = {isa = PBXFileReference; fileEncoding = 4; lastKnownFileType = sourcecode.c.objc; path = JSONModelClassProperty.m; sourceTree = "<group>"; };
		402CC4321A4384970077DFD9 /* JSONModelError.h */ = {isa = PBXFileReference; fileEncoding = 4; lastKnownFileType = sourcecode.c.h; path = JSONModelError.h; sourceTree = "<group>"; };
		402CC4331A4384970077DFD9 /* JSONModelError.m */ = {isa = PBXFileReference; fileEncoding = 4; lastKnownFileType = sourcecode.c.objc; path = JSONModelError.m; sourceTree = "<group>"; };
		402CC4351A4384970077DFD9 /* NSArray+JSONModel.h */ = {isa = PBXFileReference; fileEncoding = 4; lastKnownFileType = sourcecode.c.h; path = "NSArray+JSONModel.h"; sourceTree = "<group>"; };
		402CC4361A4384970077DFD9 /* NSArray+JSONModel.m */ = {isa = PBXFileReference; fileEncoding = 4; lastKnownFileType = sourcecode.c.objc; path = "NSArray+JSONModel.m"; sourceTree = "<group>"; };
		402CC4371A4384970077DFD9 /* JSONModelLib.h */ = {isa = PBXFileReference; fileEncoding = 4; lastKnownFileType = sourcecode.c.h; path = JSONModelLib.h; sourceTree = "<group>"; };
		402CC4391A4384970077DFD9 /* JSONAPI.h */ = {isa = PBXFileReference; fileEncoding = 4; lastKnownFileType = sourcecode.c.h; path = JSONAPI.h; sourceTree = "<group>"; };
		402CC43A1A4384970077DFD9 /* JSONAPI.m */ = {isa = PBXFileReference; fileEncoding = 4; lastKnownFileType = sourcecode.c.objc; path = JSONAPI.m; sourceTree = "<group>"; };
		402CC43B1A4384970077DFD9 /* JSONHTTPClient.h */ = {isa = PBXFileReference; fileEncoding = 4; lastKnownFileType = sourcecode.c.h; path = JSONHTTPClient.h; sourceTree = "<group>"; };
		402CC43C1A4384970077DFD9 /* JSONHTTPClient.m */ = {isa = PBXFileReference; fileEncoding = 4; lastKnownFileType = sourcecode.c.objc; path = JSONHTTPClient.m; sourceTree = "<group>"; };
		402CC43D1A4384970077DFD9 /* JSONModel+networking.h */ = {isa = PBXFileReference; fileEncoding = 4; lastKnownFileType = sourcecode.c.h; path = "JSONModel+networking.h"; sourceTree = "<group>"; };
		402CC43E1A4384970077DFD9 /* JSONModel+networking.m */ = {isa = PBXFileReference; fileEncoding = 4; lastKnownFileType = sourcecode.c.objc; path = "JSONModel+networking.m"; sourceTree = "<group>"; };
		402CC4401A4384970077DFD9 /* JSONKeyMapper.h */ = {isa = PBXFileReference; fileEncoding = 4; lastKnownFileType = sourcecode.c.h; path = JSONKeyMapper.h; sourceTree = "<group>"; };
		402CC4411A4384970077DFD9 /* JSONKeyMapper.m */ = {isa = PBXFileReference; fileEncoding = 4; lastKnownFileType = sourcecode.c.objc; path = JSONKeyMapper.m; sourceTree = "<group>"; };
		402CC4421A4384970077DFD9 /* JSONValueTransformer.h */ = {isa = PBXFileReference; fileEncoding = 4; lastKnownFileType = sourcecode.c.h; path = JSONValueTransformer.h; sourceTree = "<group>"; };
		402CC4431A4384970077DFD9 /* JSONValueTransformer.m */ = {isa = PBXFileReference; fileEncoding = 4; lastKnownFileType = sourcecode.c.objc; path = JSONValueTransformer.m; sourceTree = "<group>"; };
		406645451A4703B900DBEC92 /* CFNetwork.framework */ = {isa = PBXFileReference; lastKnownFileType = wrapper.framework; name = CFNetwork.framework; path = System/Library/Frameworks/CFNetwork.framework; sourceTree = SDKROOT; };
		406645471A47040500DBEC92 /* libz.dylib */ = {isa = PBXFileReference; lastKnownFileType = "compiled.mach-o.dylib"; name = libz.dylib; path = usr/lib/libz.dylib; sourceTree = SDKROOT; };
		406645491A47041800DBEC92 /* SystemConfiguration.framework */ = {isa = PBXFileReference; lastKnownFileType = wrapper.framework; name = SystemConfiguration.framework; path = System/Library/Frameworks/SystemConfiguration.framework; sourceTree = SDKROOT; };
		4066454B1A47042400DBEC92 /* MobileCoreServices.framework */ = {isa = PBXFileReference; lastKnownFileType = wrapper.framework; name = MobileCoreServices.framework; path = System/Library/Frameworks/MobileCoreServices.framework; sourceTree = SDKROOT; };
		4066BD461A4A20DB006FAA44 /* CoreData.framework */ = {isa = PBXFileReference; lastKnownFileType = wrapper.framework; name = CoreData.framework; path = System/Library/Frameworks/CoreData.framework; sourceTree = SDKROOT; };
		40DE4ACC1A7D885C00F8234A /* libxml2.2.dylib */ = {isa = PBXFileReference; lastKnownFileType = "compiled.mach-o.dylib"; name = libxml2.2.dylib; path = usr/lib/libxml2.2.dylib; sourceTree = SDKROOT; };
		40DE4ACE1A7D891C00F8234A /* libxml2.dylib */ = {isa = PBXFileReference; lastKnownFileType = "compiled.mach-o.dylib"; name = libxml2.dylib; path = usr/lib/libxml2.dylib; sourceTree = SDKROOT; };
		8D1107310486CEB800E47090 /* iOS Library-Info.plist */ = {isa = PBXFileReference; fileEncoding = 4; lastKnownFileType = text.plist.xml; path = "iOS Library-Info.plist"; plistStructureDefinitionIdentifier = "com.apple.xcode.plist.structure-definition.iphone.info-plist"; sourceTree = "<group>"; };
/* End PBXFileReference section */

/* Begin PBXFrameworksBuildPhase section */
		1D60588F0D05DD3D006BFB54 /* Frameworks */ = {
			isa = PBXFrameworksBuildPhase;
			buildActionMask = 2147483647;
			files = (
				4083215C1A9667BE000DDC35 /* libxml2.dylib in Frameworks */,
				4066BD481A4A20EB006FAA44 /* SystemConfiguration.framework in Frameworks */,
				4066BD471A4A20DB006FAA44 /* CoreData.framework in Frameworks */,
				400F47561A43471C00173343 /* libsqlite3.dylib in Frameworks */,
				1D60589F0D05DD5A006BFB54 /* Foundation.framework in Frameworks */,
				1DF5F4E00D08C38300B7A737 /* UIKit.framework in Frameworks */,
				288765FD0DF74451002DB57D /* CoreGraphics.framework in Frameworks */,
			);
			runOnlyForDeploymentPostprocessing = 0;
		};
/* End PBXFrameworksBuildPhase section */

/* Begin PBXGroup section */
		080E96DDFE201D6D7F000001 /* Classes */ = {
			isa = PBXGroup;
			children = (
				08FA11511D424E9F000BC44D /* MyCell.h */,
				08FA11521D424E9F000BC44D /* MyCell.m */,
				08FA11531D424E9F000BC44D /* MyCell.xib */,
				1D3623240D0F684500981E51 /* W3WebServiceAppDelegate.h */,
				1D3623250D0F684500981E51 /* W3WebServiceAppDelegate.m */,
				3D95D8891358CE13000906CB /* myView.h */,
				3D95D88A1358CE13000906CB /* myView.m */,
				3D95D88B1358CE13000906CB /* myView.xib */,
				08FA114A1D422FDE000BC44D /* tableView.xib */,
				08FA114C1D42300E000BC44D /* tableView.m */,
				08FA114E1D423018000BC44D /* tableView.h */,
			);
			path = Classes;
			sourceTree = "<group>";
		};
		19C28FACFE9D520D11CA2CBB /* Products */ = {
			isa = PBXGroup;
			children = (
				1D6058910D05DD3D006BFB54 /* iOS Library.app */,
			);
			name = Products;
			sourceTree = "<group>";
		};
		29B97314FDCFA39411CA2CEA /* CustomTemplate */ = {
			isa = PBXGroup;
			children = (
				402CC42A1A4384960077DFD9 /* JSONModel */,
				400F47541A433C0C00173343 /* sqlitesync.db */,
				400F47501A43391000173343 /* SQLite-sync.com */,
				080E96DDFE201D6D7F000001 /* Classes */,
				089D6E1F1D3FB7BE00B96D98 /* Media.xcassets */,
				29B97315FDCFA39411CA2CEA /* Other Sources */,
				29B97317FDCFA39411CA2CEA /* Resources */,
				29B97323FDCFA39411CA2CEA /* Frameworks */,
				19C28FACFE9D520D11CA2CBB /* Products */,
			);
			name = CustomTemplate;
			sourceTree = "<group>";
		};
		29B97315FDCFA39411CA2CEA /* Other Sources */ = {
			isa = PBXGroup;
			children = (
				32CA4F630368D1EE00C91783 /* iOS Library_Prefix.pch */,
				29B97316FDCFA39411CA2CEA /* main.m */,
			);
			name = "Other Sources";
			sourceTree = "<group>";
		};
		29B97317FDCFA39411CA2CEA /* Resources */ = {
			isa = PBXGroup;
			children = (
				28AD733E0D9D9553002E5188 /* MainWindow.xib */,
				8D1107310486CEB800E47090 /* iOS Library-Info.plist */,
			);
			name = Resources;
			sourceTree = "<group>";
		};
		29B97323FDCFA39411CA2CEA /* Frameworks */ = {
			isa = PBXGroup;
			children = (
				40DE4ACE1A7D891C00F8234A /* libxml2.dylib */,
				40DE4ACC1A7D885C00F8234A /* libxml2.2.dylib */,
				4066BD461A4A20DB006FAA44 /* CoreData.framework */,
				4066454B1A47042400DBEC92 /* MobileCoreServices.framework */,
				406645491A47041800DBEC92 /* SystemConfiguration.framework */,
				406645471A47040500DBEC92 /* libz.dylib */,
				406645451A4703B900DBEC92 /* CFNetwork.framework */,
				400F47551A43471C00173343 /* libsqlite3.dylib */,
				1DF5F4DF0D08C38300B7A737 /* UIKit.framework */,
				1D30AB110D05D00D00671497 /* Foundation.framework */,
				288765FC0DF74451002DB57D /* CoreGraphics.framework */,
			);
			name = Frameworks;
			sourceTree = "<group>";
		};
		400F47501A43391000173343 /* SQLite-sync.com */ = {
			isa = PBXGroup;
			children = (
				400F47511A43394F00173343 /* DBManager.h */,
				400F47521A43394F00173343 /* DBManager.m */,
				40264DC31A52D339005F450B /* SQLiteSyncCOMCore.h */,
				40264DC41A52D339005F450B /* SQLiteSyncCOMCore.m */,
				401122641A57F95200724DD2 /* SQLiteSyncDataObject.h */,
				401122651A57F95200724DD2 /* SQLiteSyncDataObject.m */,
				0829D0D81D2A5F0F0027B766 /* SQLiteSyncCOMSync.m */,
				0829D0D91D2A5F0F0027B766 /* SQLiteSyncCOMSync.h */,
				401122671A58181700724DD2 /* XMLReader.h */,
				401122681A58181700724DD2 /* XMLReader.m */,
			);
			name = "SQLite-sync.com";
			sourceTree = "<group>";
		};
		402CC42A1A4384960077DFD9 /* JSONModel */ = {
			isa = PBXGroup;
			children = (
				402CC42B1A4384960077DFD9 /* JSONModel */,
				402CC4341A4384970077DFD9 /* JSONModelCategories */,
				402CC4371A4384970077DFD9 /* JSONModelLib.h */,
				402CC4381A4384970077DFD9 /* JSONModelNetworking */,
				402CC43F1A4384970077DFD9 /* JSONModelTransformations */,
			);
			path = JSONModel;
			sourceTree = "<group>";
		};
		402CC42B1A4384960077DFD9 /* JSONModel */ = {
			isa = PBXGroup;
			children = (
				402CC42C1A4384960077DFD9 /* JSONModel.h */,
				402CC42D1A4384960077DFD9 /* JSONModel.m */,
				402CC42E1A4384960077DFD9 /* JSONModelArray.h */,
				402CC42F1A4384970077DFD9 /* JSONModelArray.m */,
				402CC4301A4384970077DFD9 /* JSONModelClassProperty.h */,
				402CC4311A4384970077DFD9 /* JSONModelClassProperty.m */,
				402CC4321A4384970077DFD9 /* JSONModelError.h */,
				402CC4331A4384970077DFD9 /* JSONModelError.m */,
			);
			path = JSONModel;
			sourceTree = "<group>";
		};
		402CC4341A4384970077DFD9 /* JSONModelCategories */ = {
			isa = PBXGroup;
			children = (
				402CC4351A4384970077DFD9 /* NSArray+JSONModel.h */,
				402CC4361A4384970077DFD9 /* NSArray+JSONModel.m */,
			);
			path = JSONModelCategories;
			sourceTree = "<group>";
		};
		402CC4381A4384970077DFD9 /* JSONModelNetworking */ = {
			isa = PBXGroup;
			children = (
				402CC4391A4384970077DFD9 /* JSONAPI.h */,
				402CC43A1A4384970077DFD9 /* JSONAPI.m */,
				402CC43B1A4384970077DFD9 /* JSONHTTPClient.h */,
				402CC43C1A4384970077DFD9 /* JSONHTTPClient.m */,
				402CC43D1A4384970077DFD9 /* JSONModel+networking.h */,
				402CC43E1A4384970077DFD9 /* JSONModel+networking.m */,
			);
			path = JSONModelNetworking;
			sourceTree = "<group>";
		};
		402CC43F1A4384970077DFD9 /* JSONModelTransformations */ = {
			isa = PBXGroup;
			children = (
				402CC4401A4384970077DFD9 /* JSONKeyMapper.h */,
				402CC4411A4384970077DFD9 /* JSONKeyMapper.m */,
				402CC4421A4384970077DFD9 /* JSONValueTransformer.h */,
				402CC4431A4384970077DFD9 /* JSONValueTransformer.m */,
			);
			path = JSONModelTransformations;
			sourceTree = "<group>";
		};
/* End PBXGroup section */

/* Begin PBXNativeTarget section */
		1D6058900D05DD3D006BFB54 /* iOS Library */ = {
			isa = PBXNativeTarget;
			buildConfigurationList = 1D6058960D05DD3E006BFB54 /* Build configuration list for PBXNativeTarget "iOS Library" */;
			buildPhases = (
				1D60588D0D05DD3D006BFB54 /* Resources */,
				1D60588E0D05DD3D006BFB54 /* Sources */,
				1D60588F0D05DD3D006BFB54 /* Frameworks */,
			);
			buildRules = (
			);
			dependencies = (
			);
			name = "iOS Library";
			productName = W3WebService;
			productReference = 1D6058910D05DD3D006BFB54 /* iOS Library.app */;
			productType = "com.apple.product-type.application";
		};
/* End PBXNativeTarget section */

/* Begin PBXProject section */
		29B97313FDCFA39411CA2CEA /* Project object */ = {
			isa = PBXProject;
			attributes = {
				TargetAttributes = {
					1D6058900D05DD3D006BFB54 = {
						DevelopmentTeam = 8BE789433T;
					};
				};
			};
			buildConfigurationList = C01FCF4E08A954540054247B /* Build configuration list for PBXProject "iOS Library" */;
			compatibilityVersion = "Xcode 3.1";
			developmentRegion = English;
			hasScannedForEncodings = 1;
			knownRegions = (
				English,
				Japanese,
				French,
				German,
			);
			mainGroup = 29B97314FDCFA39411CA2CEA /* CustomTemplate */;
			projectDirPath = "";
			projectRoot = "";
			targets = (
				1D6058900D05DD3D006BFB54 /* iOS Library */,
			);
		};
/* End PBXProject section */

/* Begin PBXResourcesBuildPhase section */
		1D60588D0D05DD3D006BFB54 /* Resources */ = {
			isa = PBXResourcesBuildPhase;
			buildActionMask = 2147483647;
			files = (
				400F47571A434A6000173343 /* sqlitesync.db in Resources */,
				08FA11551D424E9F000BC44D /* MyCell.xib in Resources */,
				28AD733F0D9D9553002E5188 /* MainWindow.xib in Resources */,
				089D6E201D3FB7BE00B96D98 /* Media.xcassets in Resources */,
				3D95D88D1358CE13000906CB /* myView.xib in Resources */,
				08FA114B1D422FDE000BC44D /* tableView.xib in Resources */,
			);
			runOnlyForDeploymentPostprocessing = 0;
		};
/* End PBXResourcesBuildPhase section */

/* Begin PBXSourcesBuildPhase section */
		1D60588E0D05DD3D006BFB54 /* Sources */ = {
			isa = PBXSourcesBuildPhase;
			buildActionMask = 2147483647;
			files = (
				402CC4471A4384970077DFD9 /* JSONModelError.m in Sources */,
				401122661A57F95200724DD2 /* SQLiteSyncDataObject.m in Sources */,
				402CC4481A4384970077DFD9 /* NSArray+JSONModel.m in Sources */,
				402CC4461A4384970077DFD9 /* JSONModelClassProperty.m in Sources */,
				40264DC51A52D339005F450B /* SQLiteSyncCOMCore.m in Sources */,
				1D60589B0D05DD56006BFB54 /* main.m in Sources */,
				1D3623260D0F684500981E51 /* W3WebServiceAppDelegate.m in Sources */,
				402CC44C1A4384970077DFD9 /* JSONKeyMapper.m in Sources */,
				3D95D88C1358CE13000906CB /* myView.m in Sources */,
				402CC4451A4384970077DFD9 /* JSONModelArray.m in Sources */,
				402CC44B1A4384970077DFD9 /* JSONModel+networking.m in Sources */,
				0829D0DA1D2A5F0F0027B766 /* SQLiteSyncCOMSync.m in Sources */,
				401122691A58181700724DD2 /* XMLReader.m in Sources */,
				08FA11541D424E9F000BC44D /* MyCell.m in Sources */,
				400F47531A43394F00173343 /* DBManager.m in Sources */,
				402CC4491A4384970077DFD9 /* JSONAPI.m in Sources */,
				402CC44D1A4384970077DFD9 /* JSONValueTransformer.m in Sources */,
				402CC44A1A4384970077DFD9 /* JSONHTTPClient.m in Sources */,
				402CC4441A4384970077DFD9 /* JSONModel.m in Sources */,
				08FA114D1D42300E000BC44D /* tableView.m in Sources */,
			);
			runOnlyForDeploymentPostprocessing = 0;
		};
/* End PBXSourcesBuildPhase section */

/* Begin XCBuildConfiguration section */
		1D6058940D05DD3E006BFB54 /* Debug */ = {
			isa = XCBuildConfiguration;
			buildSettings = {
				ALWAYS_SEARCH_USER_PATHS = YES;
				ARCHS = "$(ARCHS_STANDARD)";
				ASSETCATALOG_COMPILER_APPICON_NAME = AppIcon;
				CLANG_ENABLE_OBJC_WEAK = YES;
				CODE_SIGN_IDENTITY = "iPhone Developer";
				"CODE_SIGN_IDENTITY[sdk=iphoneos*]" = "iPhone Developer";
				COPY_PHASE_STRIP = NO;
				GCC_DYNAMIC_NO_PIC = NO;
				GCC_OPTIMIZATION_LEVEL = 0;
				GCC_PRECOMPILE_PREFIX_HEADER = YES;
				GCC_PREFIX_HEADER = "iOS Library_Prefix.pch";
				HEADER_SEARCH_PATHS = (
					"$(inherited)",
					"/Applications/Xcode/Contents/Developer/Platforms/iPhoneOS.platform/Developer/SDKs/iPhoneOS.sdk/usr/include/libxml2/**",
					/Applications/Xcode.app/Contents/Developer/Toolchains/XcodeDefault.xctoolchain/usr/include,
				);
				INFOPLIST_FILE = "iOS Library-Info.plist";
				IPHONEOS_DEPLOYMENT_TARGET = 6.0;
				LIBRARY_SEARCH_PATHS = "/Applications/Xcode/Contents/Developer/Platforms/iPhoneOS.platform/Developer/SDKs/iPhoneOS.sdk/usr/include/libxml2/**";
				OTHER_LDFLAGS = "-lxml2";
				PRODUCT_NAME = "iOS Library";
				PROVISIONING_PROFILE = "";
				SDKROOT = iphoneos;
				USER_HEADER_SEARCH_PATHS = "/Applications/Xcode/Contents/Developer/Platforms/iPhoneOS.platform/Developer/SDKs/iPhoneOS.sdk/usr/include/libxml2/libxml/**";
			};
			name = Debug;
		};
		1D6058950D05DD3E006BFB54 /* Release */ = {
			isa = XCBuildConfiguration;
			buildSettings = {
				ALWAYS_SEARCH_USER_PATHS = YES;
				ARCHS = "$(ARCHS_STANDARD)";
				ASSETCATALOG_COMPILER_APPICON_NAME = AppIcon;
				CLANG_ENABLE_OBJC_WEAK = YES;
				CODE_SIGN_IDENTITY = "iPhone Developer";
				"CODE_SIGN_IDENTITY[sdk=iphoneos*]" = "iPhone Developer";
				COPY_PHASE_STRIP = YES;
				GCC_PRECOMPILE_PREFIX_HEADER = YES;
				GCC_PREFIX_HEADER = "iOS Library_Prefix.pch";
				HEADER_SEARCH_PATHS = (
					"$(inherited)",
					"/Applications/Xcode/Contents/Developer/Platforms/iPhoneOS.platform/Developer/SDKs/iPhoneOS.sdk/usr/include/libxml2/**",
					/Applications/Xcode.app/Contents/Developer/Toolchains/XcodeDefault.xctoolchain/usr/include,
				);
				INFOPLIST_FILE = "iOS Library-Info.plist";
				IPHONEOS_DEPLOYMENT_TARGET = 6.0;
				LIBRARY_SEARCH_PATHS = "/Applications/Xcode/Contents/Developer/Platforms/iPhoneOS.platform/Developer/SDKs/iPhoneOS.sdk/usr/include/libxml2/**";
				OTHER_LDFLAGS = "-lxml2";
				PRODUCT_NAME = "iOS Library";
				PROVISIONING_PROFILE = "";
				SDKROOT = iphoneos;
				USER_HEADER_SEARCH_PATHS = "/Applications/Xcode/Contents/Developer/Platforms/iPhoneOS.platform/Developer/SDKs/iPhoneOS.sdk/usr/include/libxml2/libxml/**";
				VALIDATE_PRODUCT = YES;
			};
			name = Release;
		};
		C01FCF4F08A954540054247B /* Debug */ = {
			isa = XCBuildConfiguration;
			buildSettings = {
				ARCHS = "$(ARCHS_STANDARD_32_BIT)";
				"CODE_SIGN_IDENTITY[sdk=iphoneos*]" = "iPhone Developer";
				GCC_C_LANGUAGE_STANDARD = c99;
				GCC_WARN_ABOUT_RETURN_TYPE = YES;
				GCC_WARN_UNUSED_VARIABLE = YES;
				HEADER_SEARCH_PATHS = (
					"$(inherited)",
					/Applications/Xcode.app/Contents/Developer/Toolchains/XcodeDefault.xctoolchain/usr/include,
					"/Applications/Xcode/Contents/Developer/Platforms/iPhoneOS.platform/Developer/SDKs/iPhoneOS.sdk/usr/include/libxml2/libxml/**",
				);
				LIBRARY_SEARCH_PATHS = "/Applications/Xcode/Contents/Developer/Platforms/iPhoneOS.platform/Developer/SDKs/iPhoneOS.sdk/usr/include/libxml2/**";
				OTHER_LDFLAGS = "-lxml2";
				PREBINDING = NO;
				SDKROOT = iphoneos;
				USER_HEADER_SEARCH_PATHS = "/Applications/Xcode/Contents/Developer/Platforms/iPhoneOS.platform/Developer/SDKs/iPhoneOS.sdk/usr/include/libxml2/**";
			};
			name = Debug;
		};
		C01FCF5008A954540054247B /* Release */ = {
			isa = XCBuildConfiguration;
			buildSettings = {
				ARCHS = "$(ARCHS_STANDARD_32_BIT)";
				"CODE_SIGN_IDENTITY[sdk=iphoneos*]" = "iPhone Developer";
				GCC_C_LANGUAGE_STANDARD = c99;
				GCC_WARN_ABOUT_RETURN_TYPE = YES;
				GCC_WARN_UNUSED_VARIABLE = YES;
				HEADER_SEARCH_PATHS = (
					"$(inherited)",
					/Applications/Xcode.app/Contents/Developer/Toolchains/XcodeDefault.xctoolchain/usr/include,
					"/Applications/Xcode/Contents/Developer/Platforms/iPhoneOS.platform/Developer/SDKs/iPhoneOS.sdk/usr/include/libxml2/libxml/**",
				);
				LIBRARY_SEARCH_PATHS = "/Applications/Xcode/Contents/Developer/Platforms/iPhoneOS.platform/Developer/SDKs/iPhoneOS.sdk/usr/include/libxml2/**";
				OTHER_CFLAGS = "-DNS_BLOCK_ASSERTIONS=1";
				OTHER_LDFLAGS = "-lxml2";
				PREBINDING = NO;
				SDKROOT = iphoneos;
				USER_HEADER_SEARCH_PATHS = "/Applications/Xcode/Contents/Developer/Platforms/iPhoneOS.platform/Developer/SDKs/iPhoneOS.sdk/usr/include/libxml2/**";
			};
			name = Release;
		};
/* End XCBuildConfiguration section */

/* Begin XCConfigurationList section */
		1D6058960D05DD3E006BFB54 /* Build configuration list for PBXNativeTarget "iOS Library" */ = {
			isa = XCConfigurationList;
			buildConfigurations = (
				1D6058940D05DD3E006BFB54 /* Debug */,
				1D6058950D05DD3E006BFB54 /* Release */,
			);
			defaultConfigurationIsVisible = 0;
			defaultConfigurationName = Release;
		};
		C01FCF4E08A954540054247B /* Build configuration list for PBXProject "iOS Library" */ = {
			isa = XCConfigurationList;
			buildConfigurations = (
				C01FCF4F08A954540054247B /* Debug */,
				C01FCF5008A954540054247B /* Release */,
			);
			defaultConfigurationIsVisible = 0;
			defaultConfigurationName = Release;
		};
/* End XCConfigurationList section */
	};
	rootObject = 29B97313FDCFA39411CA2CEA /* Project object */;
}
