// !$*UTF8*$!
{
	archiveVersion = 1;
	classes = {
	};
	objectVersion = 46;
	objects = {

/* Begin PBXBuildFile section */
		084A31B01E6D5E0D00982453 /* main.m in Sources */ = {isa = PBXBuildFile; fileRef = 084A31AF1E6D5E0D00982453 /* main.m */; };
		084A31B31E6D5E0D00982453 /* AppDelegate.m in Sources */ = {isa = PBXBuildFile; fileRef = 084A31B21E6D5E0D00982453 /* AppDelegate.m */; };
		084A31B61E6D5E0D00982453 /* ViewController.m in Sources */ = {isa = PBXBuildFile; fileRef = 084A31B51E6D5E0D00982453 /* ViewController.m */; };
		084A31B91E6D5E0D00982453 /* Main.storyboard in Resources */ = {isa = PBXBuildFile; fileRef = 084A31B71E6D5E0D00982453 /* Main.storyboard */; };
		084A31BB1E6D5E0D00982453 /* Assets.xcassets in Resources */ = {isa = PBXBuildFile; fileRef = 084A31BA1E6D5E0D00982453 /* Assets.xcassets */; };
		084A31BE1E6D5E0D00982453 /* LaunchScreen.storyboard in Resources */ = {isa = PBXBuildFile; fileRef = 084A31BC1E6D5E0D00982453 /* LaunchScreen.storyboard */; };
		084A31D01E6D5E5200982453 /* XMLDictionary.m in Sources */ = {isa = PBXBuildFile; fileRef = 084A31C81E6D5E5200982453 /* XMLDictionary.m */; };
		084A31D71E6D5EA300982453 /* SQLiteSync.m in Sources */ = {isa = PBXBuildFile; fileRef = 084A31D61E6D5EA300982453 /* SQLiteSync.m */; };
		084A31EF1E6D613500982453 /* Info.plist in Resources */ = {isa = PBXBuildFile; fileRef = 084A31D91E6D613500982453 /* Info.plist */; };
		084A31F01E6D613500982453 /* JSONModel.m in Sources */ = {isa = PBXBuildFile; fileRef = 084A31DC1E6D613500982453 /* JSONModel.m */; };
		084A31F11E6D613500982453 /* JSONModelClassProperty.m in Sources */ = {isa = PBXBuildFile; fileRef = 084A31DE1E6D613500982453 /* JSONModelClassProperty.m */; };
		084A31F21E6D613500982453 /* JSONModelError.m in Sources */ = {isa = PBXBuildFile; fileRef = 084A31E01E6D613500982453 /* JSONModelError.m */; };
		084A31F31E6D613500982453 /* JSONAPI.m in Sources */ = {isa = PBXBuildFile; fileRef = 084A31E41E6D613500982453 /* JSONAPI.m */; };
		084A31F41E6D613500982453 /* JSONHTTPClient.m in Sources */ = {isa = PBXBuildFile; fileRef = 084A31E61E6D613500982453 /* JSONHTTPClient.m */; };
		084A31F51E6D613500982453 /* JSONModel+networking.m in Sources */ = {isa = PBXBuildFile; fileRef = 084A31E81E6D613500982453 /* JSONModel+networking.m */; };
		084A31F61E6D613500982453 /* JSONKeyMapper.m in Sources */ = {isa = PBXBuildFile; fileRef = 084A31EB1E6D613500982453 /* JSONKeyMapper.m */; };
		084A31F71E6D613500982453 /* JSONValueTransformer.m in Sources */ = {isa = PBXBuildFile; fileRef = 084A31ED1E6D613500982453 /* JSONValueTransformer.m */; };
		084A31FA1E6D61B100982453 /* libsqlite3.tbd in Frameworks */ = {isa = PBXBuildFile; fileRef = 084A31F91E6D61B100982453 /* libsqlite3.tbd */; };
		084A31FD1E6D76C300982453 /* TableViewController.m in Sources */ = {isa = PBXBuildFile; fileRef = 084A31FC1E6D76C300982453 /* TableViewController.m */; };
		084A32001E6D772800982453 /* TableCell.m in Sources */ = {isa = PBXBuildFile; fileRef = 084A31FF1E6D772800982453 /* TableCell.m */; };
		084A32031E6D83E700982453 /* TableButtonsCell.m in Sources */ = {isa = PBXBuildFile; fileRef = 084A32021E6D83E700982453 /* TableButtonsCell.m */; };
		084A32061E6D887400982453 /* TableFormViewController.m in Sources */ = {isa = PBXBuildFile; fileRef = 084A32051E6D887400982453 /* TableFormViewController.m */; };
/* End PBXBuildFile section */

/* Begin PBXFileReference section */
		084A31AB1E6D5E0D00982453 /* SQLiteSyncDemo.app */ = {isa = PBXFileReference; explicitFileType = wrapper.application; includeInIndex = 0; path = SQLiteSyncDemo.app; sourceTree = BUILT_PRODUCTS_DIR; };
		084A31AF1E6D5E0D00982453 /* main.m */ = {isa = PBXFileReference; lastKnownFileType = sourcecode.c.objc; path = main.m; sourceTree = "<group>"; };
		084A31B11E6D5E0D00982453 /* AppDelegate.h */ = {isa = PBXFileReference; lastKnownFileType = sourcecode.c.h; path = AppDelegate.h; sourceTree = "<group>"; };
		084A31B21E6D5E0D00982453 /* AppDelegate.m */ = {isa = PBXFileReference; lastKnownFileType = sourcecode.c.objc; path = AppDelegate.m; sourceTree = "<group>"; };
		084A31B41E6D5E0D00982453 /* ViewController.h */ = {isa = PBXFileReference; lastKnownFileType = sourcecode.c.h; path = ViewController.h; sourceTree = "<group>"; };
		084A31B51E6D5E0D00982453 /* ViewController.m */ = {isa = PBXFileReference; lastKnownFileType = sourcecode.c.objc; path = ViewController.m; sourceTree = "<group>"; };
		084A31B81E6D5E0D00982453 /* Base */ = {isa = PBXFileReference; lastKnownFileType = file.storyboard; name = Base; path = Base.lproj/Main.storyboard; sourceTree = "<group>"; };
		084A31BA1E6D5E0D00982453 /* Assets.xcassets */ = {isa = PBXFileReference; lastKnownFileType = folder.assetcatalog; path = Assets.xcassets; sourceTree = "<group>"; };
		084A31BD1E6D5E0D00982453 /* Base */ = {isa = PBXFileReference; lastKnownFileType = file.storyboard; name = Base; path = Base.lproj/LaunchScreen.storyboard; sourceTree = "<group>"; };
		084A31BF1E6D5E0D00982453 /* Info.plist */ = {isa = PBXFileReference; lastKnownFileType = text.plist.xml; path = Info.plist; sourceTree = "<group>"; };
		084A31C71E6D5E5200982453 /* XMLDictionary.h */ = {isa = PBXFileReference; fileEncoding = 4; lastKnownFileType = sourcecode.c.h; path = XMLDictionary.h; sourceTree = "<group>"; };
		084A31C81E6D5E5200982453 /* XMLDictionary.m */ = {isa = PBXFileReference; fileEncoding = 4; lastKnownFileType = sourcecode.c.objc; path = XMLDictionary.m; sourceTree = "<group>"; };
		084A31D51E6D5EA300982453 /* SQLiteSync.h */ = {isa = PBXFileReference; fileEncoding = 4; lastKnownFileType = sourcecode.c.h; path = SQLiteSync.h; sourceTree = "<group>"; };
		084A31D61E6D5EA300982453 /* SQLiteSync.m */ = {isa = PBXFileReference; fileEncoding = 4; lastKnownFileType = sourcecode.c.objc; path = SQLiteSync.m; sourceTree = "<group>"; };
		084A31D91E6D613500982453 /* Info.plist */ = {isa = PBXFileReference; fileEncoding = 4; lastKnownFileType = text.plist.xml; path = Info.plist; sourceTree = "<group>"; };
		084A31DB1E6D613500982453 /* JSONModel.h */ = {isa = PBXFileReference; fileEncoding = 4; lastKnownFileType = sourcecode.c.h; path = JSONModel.h; sourceTree = "<group>"; };
		084A31DC1E6D613500982453 /* JSONModel.m */ = {isa = PBXFileReference; fileEncoding = 4; lastKnownFileType = sourcecode.c.objc; path = JSONModel.m; sourceTree = "<group>"; };
		084A31DD1E6D613500982453 /* JSONModelClassProperty.h */ = {isa = PBXFileReference; fileEncoding = 4; lastKnownFileType = sourcecode.c.h; path = JSONModelClassProperty.h; sourceTree = "<group>"; };
		084A31DE1E6D613500982453 /* JSONModelClassProperty.m */ = {isa = PBXFileReference; fileEncoding = 4; lastKnownFileType = sourcecode.c.objc; path = JSONModelClassProperty.m; sourceTree = "<group>"; };
		084A31DF1E6D613500982453 /* JSONModelError.h */ = {isa = PBXFileReference; fileEncoding = 4; lastKnownFileType = sourcecode.c.h; path = JSONModelError.h; sourceTree = "<group>"; };
		084A31E01E6D613500982453 /* JSONModelError.m */ = {isa = PBXFileReference; fileEncoding = 4; lastKnownFileType = sourcecode.c.objc; path = JSONModelError.m; sourceTree = "<group>"; };
		084A31E11E6D613500982453 /* JSONModelLib.h */ = {isa = PBXFileReference; fileEncoding = 4; lastKnownFileType = sourcecode.c.h; path = JSONModelLib.h; sourceTree = "<group>"; };
		084A31E31E6D613500982453 /* JSONAPI.h */ = {isa = PBXFileReference; fileEncoding = 4; lastKnownFileType = sourcecode.c.h; path = JSONAPI.h; sourceTree = "<group>"; };
		084A31E41E6D613500982453 /* JSONAPI.m */ = {isa = PBXFileReference; fileEncoding = 4; lastKnownFileType = sourcecode.c.objc; path = JSONAPI.m; sourceTree = "<group>"; };
		084A31E51E6D613500982453 /* JSONHTTPClient.h */ = {isa = PBXFileReference; fileEncoding = 4; lastKnownFileType = sourcecode.c.h; path = JSONHTTPClient.h; sourceTree = "<group>"; };
		084A31E61E6D613500982453 /* JSONHTTPClient.m */ = {isa = PBXFileReference; fileEncoding = 4; lastKnownFileType = sourcecode.c.objc; path = JSONHTTPClient.m; sourceTree = "<group>"; };
		084A31E71E6D613500982453 /* JSONModel+networking.h */ = {isa = PBXFileReference; fileEncoding = 4; lastKnownFileType = sourcecode.c.h; path = "JSONModel+networking.h"; sourceTree = "<group>"; };
		084A31E81E6D613500982453 /* JSONModel+networking.m */ = {isa = PBXFileReference; fileEncoding = 4; lastKnownFileType = sourcecode.c.objc; path = "JSONModel+networking.m"; sourceTree = "<group>"; };
		084A31EA1E6D613500982453 /* JSONKeyMapper.h */ = {isa = PBXFileReference; fileEncoding = 4; lastKnownFileType = sourcecode.c.h; path = JSONKeyMapper.h; sourceTree = "<group>"; };
		084A31EB1E6D613500982453 /* JSONKeyMapper.m */ = {isa = PBXFileReference; fileEncoding = 4; lastKnownFileType = sourcecode.c.objc; path = JSONKeyMapper.m; sourceTree = "<group>"; };
		084A31EC1E6D613500982453 /* JSONValueTransformer.h */ = {isa = PBXFileReference; fileEncoding = 4; lastKnownFileType = sourcecode.c.h; path = JSONValueTransformer.h; sourceTree = "<group>"; };
		084A31ED1E6D613500982453 /* JSONValueTransformer.m */ = {isa = PBXFileReference; fileEncoding = 4; lastKnownFileType = sourcecode.c.objc; path = JSONValueTransformer.m; sourceTree = "<group>"; };
		084A31EE1E6D613500982453 /* module.modulemap */ = {isa = PBXFileReference; fileEncoding = 4; lastKnownFileType = "sourcecode.module-map"; path = module.modulemap; sourceTree = "<group>"; };
		084A31F91E6D61B100982453 /* libsqlite3.tbd */ = {isa = PBXFileReference; lastKnownFileType = "sourcecode.text-based-dylib-definition"; name = libsqlite3.tbd; path = usr/lib/libsqlite3.tbd; sourceTree = SDKROOT; };
		084A31FB1E6D76C300982453 /* TableViewController.h */ = {isa = PBXFileReference; fileEncoding = 4; lastKnownFileType = sourcecode.c.h; path = TableViewController.h; sourceTree = "<group>"; };
		084A31FC1E6D76C300982453 /* TableViewController.m */ = {isa = PBXFileReference; fileEncoding = 4; lastKnownFileType = sourcecode.c.objc; path = TableViewController.m; sourceTree = "<group>"; };
		084A31FE1E6D772800982453 /* TableCell.h */ = {isa = PBXFileReference; fileEncoding = 4; lastKnownFileType = sourcecode.c.h; path = TableCell.h; sourceTree = "<group>"; };
		084A31FF1E6D772800982453 /* TableCell.m */ = {isa = PBXFileReference; fileEncoding = 4; lastKnownFileType = sourcecode.c.objc; path = TableCell.m; sourceTree = "<group>"; };
		084A32011E6D83E700982453 /* TableButtonsCell.h */ = {isa = PBXFileReference; fileEncoding = 4; lastKnownFileType = sourcecode.c.h; path = TableButtonsCell.h; sourceTree = "<group>"; };
		084A32021E6D83E700982453 /* TableButtonsCell.m */ = {isa = PBXFileReference; fileEncoding = 4; lastKnownFileType = sourcecode.c.objc; path = TableButtonsCell.m; sourceTree = "<group>"; };
		084A32041E6D887400982453 /* TableFormViewController.h */ = {isa = PBXFileReference; fileEncoding = 4; lastKnownFileType = sourcecode.c.h; path = TableFormViewController.h; sourceTree = "<group>"; };
		084A32051E6D887400982453 /* TableFormViewController.m */ = {isa = PBXFileReference; fileEncoding = 4; lastKnownFileType = sourcecode.c.objc; path = TableFormViewController.m; sourceTree = "<group>"; };
/* End PBXFileReference section */

/* Begin PBXFrameworksBuildPhase section */
		084A31A81E6D5E0D00982453 /* Frameworks */ = {
			isa = PBXFrameworksBuildPhase;
			buildActionMask = 2147483647;
			files = (
				084A31FA1E6D61B100982453 /* libsqlite3.tbd in Frameworks */,
			);
			runOnlyForDeploymentPostprocessing = 0;
		};
/* End PBXFrameworksBuildPhase section */

/* Begin PBXGroup section */
		084A31A21E6D5E0D00982453 = {
			isa = PBXGroup;
			children = (
				084A31D81E6D613500982453 /* JSONModel */,
				084A31C61E6D5E5200982453 /* XMLDictionary */,
				084A31D41E6D5EA300982453 /* SQLiteSync */,
				084A31AD1E6D5E0D00982453 /* SQLiteSyncDemo */,
				084A31AC1E6D5E0D00982453 /* Products */,
				084A31F81E6D61B100982453 /* Frameworks */,
			);
			sourceTree = "<group>";
		};
		084A31AC1E6D5E0D00982453 /* Products */ = {
			isa = PBXGroup;
			children = (
				084A31AB1E6D5E0D00982453 /* SQLiteSyncDemo.app */,
			);
			name = Products;
			sourceTree = "<group>";
		};
		084A31AD1E6D5E0D00982453 /* SQLiteSyncDemo */ = {
			isa = PBXGroup;
			children = (
				084A31B11E6D5E0D00982453 /* AppDelegate.h */,
				084A31B21E6D5E0D00982453 /* AppDelegate.m */,
				084A31B41E6D5E0D00982453 /* ViewController.h */,
				084A31B51E6D5E0D00982453 /* ViewController.m */,
				084A31FB1E6D76C300982453 /* TableViewController.h */,
				084A31FC1E6D76C300982453 /* TableViewController.m */,
				084A32041E6D887400982453 /* TableFormViewController.h */,
				084A32051E6D887400982453 /* TableFormViewController.m */,
				084A31FE1E6D772800982453 /* TableCell.h */,
				084A31FF1E6D772800982453 /* TableCell.m */,
				084A32011E6D83E700982453 /* TableButtonsCell.h */,
				084A32021E6D83E700982453 /* TableButtonsCell.m */,
				084A31B71E6D5E0D00982453 /* Main.storyboard */,
				084A31BA1E6D5E0D00982453 /* Assets.xcassets */,
				084A31BC1E6D5E0D00982453 /* LaunchScreen.storyboard */,
				084A31BF1E6D5E0D00982453 /* Info.plist */,
				084A31AE1E6D5E0D00982453 /* Supporting Files */,
			);
			path = SQLiteSyncDemo;
			sourceTree = "<group>";
		};
		084A31AE1E6D5E0D00982453 /* Supporting Files */ = {
			isa = PBXGroup;
			children = (
				084A31AF1E6D5E0D00982453 /* main.m */,
			);
			name = "Supporting Files";
			sourceTree = "<group>";
		};
		084A31C61E6D5E5200982453 /* XMLDictionary */ = {
			isa = PBXGroup;
			children = (
				084A31C71E6D5E5200982453 /* XMLDictionary.h */,
				084A31C81E6D5E5200982453 /* XMLDictionary.m */,
			);
			path = XMLDictionary;
			sourceTree = "<group>";
		};
		084A31D41E6D5EA300982453 /* SQLiteSync */ = {
			isa = PBXGroup;
			children = (
				084A31D51E6D5EA300982453 /* SQLiteSync.h */,
				084A31D61E6D5EA300982453 /* SQLiteSync.m */,
			);
			path = SQLiteSync;
			sourceTree = "<group>";
		};
		084A31D81E6D613500982453 /* JSONModel */ = {
			isa = PBXGroup;
			children = (
				084A31D91E6D613500982453 /* Info.plist */,
				084A31DA1E6D613500982453 /* JSONModel */,
				084A31E11E6D613500982453 /* JSONModelLib.h */,
				084A31E21E6D613500982453 /* JSONModelNetworking */,
				084A31E91E6D613500982453 /* JSONModelTransformations */,
				084A31EE1E6D613500982453 /* module.modulemap */,
			);
			path = JSONModel;
			sourceTree = "<group>";
		};
		084A31DA1E6D613500982453 /* JSONModel */ = {
			isa = PBXGroup;
			children = (
				084A31DB1E6D613500982453 /* JSONModel.h */,
				084A31DC1E6D613500982453 /* JSONModel.m */,
				084A31DD1E6D613500982453 /* JSONModelClassProperty.h */,
				084A31DE1E6D613500982453 /* JSONModelClassProperty.m */,
				084A31DF1E6D613500982453 /* JSONModelError.h */,
				084A31E01E6D613500982453 /* JSONModelError.m */,
			);
			path = JSONModel;
			sourceTree = "<group>";
		};
		084A31E21E6D613500982453 /* JSONModelNetworking */ = {
			isa = PBXGroup;
			children = (
				084A31E31E6D613500982453 /* JSONAPI.h */,
				084A31E41E6D613500982453 /* JSONAPI.m */,
				084A31E51E6D613500982453 /* JSONHTTPClient.h */,
				084A31E61E6D613500982453 /* JSONHTTPClient.m */,
				084A31E71E6D613500982453 /* JSONModel+networking.h */,
				084A31E81E6D613500982453 /* JSONModel+networking.m */,
			);
			path = JSONModelNetworking;
			sourceTree = "<group>";
		};
		084A31E91E6D613500982453 /* JSONModelTransformations */ = {
			isa = PBXGroup;
			children = (
				084A31EA1E6D613500982453 /* JSONKeyMapper.h */,
				084A31EB1E6D613500982453 /* JSONKeyMapper.m */,
				084A31EC1E6D613500982453 /* JSONValueTransformer.h */,
				084A31ED1E6D613500982453 /* JSONValueTransformer.m */,
			);
			path = JSONModelTransformations;
			sourceTree = "<group>";
		};
		084A31F81E6D61B100982453 /* Frameworks */ = {
			isa = PBXGroup;
			children = (
				084A31F91E6D61B100982453 /* libsqlite3.tbd */,
			);
			name = Frameworks;
			sourceTree = "<group>";
		};
/* End PBXGroup section */

/* Begin PBXNativeTarget section */
		084A31AA1E6D5E0D00982453 /* SQLiteSyncDemo */ = {
			isa = PBXNativeTarget;
			buildConfigurationList = 084A31C21E6D5E0D00982453 /* Build configuration list for PBXNativeTarget "SQLiteSyncDemo" */;
			buildPhases = (
				084A31A71E6D5E0D00982453 /* Sources */,
				084A31A81E6D5E0D00982453 /* Frameworks */,
				084A31A91E6D5E0D00982453 /* Resources */,
			);
			buildRules = (
			);
			dependencies = (
			);
			name = SQLiteSyncDemo;
			productName = SQLiteSyncDemo;
			productReference = 084A31AB1E6D5E0D00982453 /* SQLiteSyncDemo.app */;
			productType = "com.apple.product-type.application";
		};
/* End PBXNativeTarget section */

/* Begin PBXProject section */
		084A31A31E6D5E0D00982453 /* Project object */ = {
			isa = PBXProject;
			attributes = {
				LastUpgradeCheck = 0810;
				ORGANIZATIONNAME = "sqlite-sync.com";
				TargetAttributes = {
					084A31AA1E6D5E0D00982453 = {
						CreatedOnToolsVersion = 8.1;
						DevelopmentTeam = 8BE789433T;
						ProvisioningStyle = Automatic;
					};
				};
			};
			buildConfigurationList = 084A31A61E6D5E0D00982453 /* Build configuration list for PBXProject "SQLiteSyncDemo" */;
			compatibilityVersion = "Xcode 3.2";
			developmentRegion = English;
			hasScannedForEncodings = 0;
			knownRegions = (
				en,
				Base,
			);
			mainGroup = 084A31A21E6D5E0D00982453;
			productRefGroup = 084A31AC1E6D5E0D00982453 /* Products */;
			projectDirPath = "";
			projectRoot = "";
			targets = (
				084A31AA1E6D5E0D00982453 /* SQLiteSyncDemo */,
			);
		};
/* End PBXProject section */

/* Begin PBXResourcesBuildPhase section */
		084A31A91E6D5E0D00982453 /* Resources */ = {
			isa = PBXResourcesBuildPhase;
			buildActionMask = 2147483647;
			files = (
				084A31EF1E6D613500982453 /* Info.plist in Resources */,
				084A31BE1E6D5E0D00982453 /* LaunchScreen.storyboard in Resources */,
				084A31BB1E6D5E0D00982453 /* Assets.xcassets in Resources */,
				084A31B91E6D5E0D00982453 /* Main.storyboard in Resources */,
			);
			runOnlyForDeploymentPostprocessing = 0;
		};
/* End PBXResourcesBuildPhase section */

/* Begin PBXSourcesBuildPhase section */
		084A31A71E6D5E0D00982453 /* Sources */ = {
			isa = PBXSourcesBuildPhase;
			buildActionMask = 2147483647;
			files = (
				084A31F41E6D613500982453 /* JSONHTTPClient.m in Sources */,
				084A32061E6D887400982453 /* TableFormViewController.m in Sources */,
				084A31F21E6D613500982453 /* JSONModelError.m in Sources */,
				084A31F11E6D613500982453 /* JSONModelClassProperty.m in Sources */,
				084A32001E6D772800982453 /* TableCell.m in Sources */,
				084A32031E6D83E700982453 /* TableButtonsCell.m in Sources */,
				084A31F31E6D613500982453 /* JSONAPI.m in Sources */,
				084A31F71E6D613500982453 /* JSONValueTransformer.m in Sources */,
				084A31FD1E6D76C300982453 /* TableViewController.m in Sources */,
				084A31B61E6D5E0D00982453 /* ViewController.m in Sources */,
				084A31D01E6D5E5200982453 /* XMLDictionary.m in Sources */,
				084A31F61E6D613500982453 /* JSONKeyMapper.m in Sources */,
				084A31F51E6D613500982453 /* JSONModel+networking.m in Sources */,
				084A31B31E6D5E0D00982453 /* AppDelegate.m in Sources */,
				084A31F01E6D613500982453 /* JSONModel.m in Sources */,
				084A31B01E6D5E0D00982453 /* main.m in Sources */,
				084A31D71E6D5EA300982453 /* SQLiteSync.m in Sources */,
			);
			runOnlyForDeploymentPostprocessing = 0;
		};
/* End PBXSourcesBuildPhase section */

/* Begin PBXVariantGroup section */
		084A31B71E6D5E0D00982453 /* Main.storyboard */ = {
			isa = PBXVariantGroup;
			children = (
				084A31B81E6D5E0D00982453 /* Base */,
			);
			name = Main.storyboard;
			sourceTree = "<group>";
		};
		084A31BC1E6D5E0D00982453 /* LaunchScreen.storyboard */ = {
			isa = PBXVariantGroup;
			children = (
				084A31BD1E6D5E0D00982453 /* Base */,
			);
			name = LaunchScreen.storyboard;
			sourceTree = "<group>";
		};
/* End PBXVariantGroup section */

/* Begin XCBuildConfiguration section */
		084A31C01E6D5E0D00982453 /* Debug */ = {
			isa = XCBuildConfiguration;
			buildSettings = {
				ALWAYS_SEARCH_USER_PATHS = NO;
				CLANG_ANALYZER_NONNULL = YES;
				CLANG_CXX_LANGUAGE_STANDARD = "gnu++0x";
				CLANG_CXX_LIBRARY = "libc++";
				CLANG_ENABLE_MODULES = YES;
				CLANG_ENABLE_OBJC_ARC = YES;
				CLANG_WARN_BOOL_CONVERSION = YES;
				CLANG_WARN_CONSTANT_CONVERSION = YES;
				CLANG_WARN_DIRECT_OBJC_ISA_USAGE = YES_ERROR;
				CLANG_WARN_DOCUMENTATION_COMMENTS = YES;
				CLANG_WARN_EMPTY_BODY = YES;
				CLANG_WARN_ENUM_CONVERSION = YES;
				CLANG_WARN_INFINITE_RECURSION = YES;
				CLANG_WARN_INT_CONVERSION = YES;
				CLANG_WARN_OBJC_ROOT_CLASS = YES_ERROR;
				CLANG_WARN_SUSPICIOUS_MOVES = YES;
				CLANG_WARN_UNREACHABLE_CODE = YES;
				CLANG_WARN__DUPLICATE_METHOD_MATCH = YES;
				"CODE_SIGN_IDENTITY[sdk=iphoneos*]" = "iPhone Developer";
				COPY_PHASE_STRIP = NO;
				DEBUG_INFORMATION_FORMAT = dwarf;
				ENABLE_STRICT_OBJC_MSGSEND = YES;
				ENABLE_TESTABILITY = YES;
				GCC_C_LANGUAGE_STANDARD = gnu99;
				GCC_DYNAMIC_NO_PIC = NO;
				GCC_NO_COMMON_BLOCKS = YES;
				GCC_OPTIMIZATION_LEVEL = 0;
				GCC_PREPROCESSOR_DEFINITIONS = (
					"DEBUG=1",
					"$(inherited)",
				);
				GCC_WARN_64_TO_32_BIT_CONVERSION = YES;
				GCC_WARN_ABOUT_RETURN_TYPE = YES_ERROR;
				GCC_WARN_UNDECLARED_SELECTOR = YES;
				GCC_WARN_UNINITIALIZED_AUTOS = YES_AGGRESSIVE;
				GCC_WARN_UNUSED_FUNCTION = YES;
				GCC_WARN_UNUSED_VARIABLE = YES;
				IPHONEOS_DEPLOYMENT_TARGET = 10.1;
				MTL_ENABLE_DEBUG_INFO = YES;
				ONLY_ACTIVE_ARCH = YES;
				SDKROOT = iphoneos;
				TARGETED_DEVICE_FAMILY = "1,2";
			};
			name = Debug;
		};
		084A31C11E6D5E0D00982453 /* Release */ = {
			isa = XCBuildConfiguration;
			buildSettings = {
				ALWAYS_SEARCH_USER_PATHS = NO;
				CLANG_ANALYZER_NONNULL = YES;
				CLANG_CXX_LANGUAGE_STANDARD = "gnu++0x";
				CLANG_CXX_LIBRARY = "libc++";
				CLANG_ENABLE_MODULES = YES;
				CLANG_ENABLE_OBJC_ARC = YES;
				CLANG_WARN_BOOL_CONVERSION = YES;
				CLANG_WARN_CONSTANT_CONVERSION = YES;
				CLANG_WARN_DIRECT_OBJC_ISA_USAGE = YES_ERROR;
				CLANG_WARN_DOCUMENTATION_COMMENTS = YES;
				CLANG_WARN_EMPTY_BODY = YES;
				CLANG_WARN_ENUM_CONVERSION = YES;
				CLANG_WARN_INFINITE_RECURSION = YES;
				CLANG_WARN_INT_CONVERSION = YES;
				CLANG_WARN_OBJC_ROOT_CLASS = YES_ERROR;
				CLANG_WARN_SUSPICIOUS_MOVES = YES;
				CLANG_WARN_UNREACHABLE_CODE = YES;
				CLANG_WARN__DUPLICATE_METHOD_MATCH = YES;
				"CODE_SIGN_IDENTITY[sdk=iphoneos*]" = "iPhone Developer";
				COPY_PHASE_STRIP = NO;
				DEBUG_INFORMATION_FORMAT = "dwarf-with-dsym";
				ENABLE_NS_ASSERTIONS = NO;
				ENABLE_STRICT_OBJC_MSGSEND = YES;
				GCC_C_LANGUAGE_STANDARD = gnu99;
				GCC_NO_COMMON_BLOCKS = YES;
				GCC_WARN_64_TO_32_BIT_CONVERSION = YES;
				GCC_WARN_ABOUT_RETURN_TYPE = YES_ERROR;
				GCC_WARN_UNDECLARED_SELECTOR = YES;
				GCC_WARN_UNINITIALIZED_AUTOS = YES_AGGRESSIVE;
				GCC_WARN_UNUSED_FUNCTION = YES;
				GCC_WARN_UNUSED_VARIABLE = YES;
				IPHONEOS_DEPLOYMENT_TARGET = 10.1;
				MTL_ENABLE_DEBUG_INFO = NO;
				SDKROOT = iphoneos;
				TARGETED_DEVICE_FAMILY = "1,2";
				VALIDATE_PRODUCT = YES;
			};
			name = Release;
		};
		084A31C31E6D5E0D00982453 /* Debug */ = {
			isa = XCBuildConfiguration;
			buildSettings = {
				ASSETCATALOG_COMPILER_APPICON_NAME = AppIcon;
				DEVELOPMENT_TEAM = 8BE789433T;
				INFOPLIST_FILE = SQLiteSyncDemo/Info.plist;
				LD_RUNPATH_SEARCH_PATHS = "$(inherited) @executable_path/Frameworks";
				PRODUCT_BUNDLE_IDENTIFIER = "com.sqlite-sync.demo";
				PRODUCT_NAME = "$(TARGET_NAME)";
			};
			name = Debug;
		};
		084A31C41E6D5E0D00982453 /* Release */ = {
			isa = XCBuildConfiguration;
			buildSettings = {
				ASSETCATALOG_COMPILER_APPICON_NAME = AppIcon;
				DEVELOPMENT_TEAM = 8BE789433T;
				INFOPLIST_FILE = SQLiteSyncDemo/Info.plist;
				LD_RUNPATH_SEARCH_PATHS = "$(inherited) @executable_path/Frameworks";
				PRODUCT_BUNDLE_IDENTIFIER = "com.sqlite-sync.demo";
				PRODUCT_NAME = "$(TARGET_NAME)";
			};
			name = Release;
		};
/* End XCBuildConfiguration section */

/* Begin XCConfigurationList section */
		084A31A61E6D5E0D00982453 /* Build configuration list for PBXProject "SQLiteSyncDemo" */ = {
			isa = XCConfigurationList;
			buildConfigurations = (
				084A31C01E6D5E0D00982453 /* Debug */,
				084A31C11E6D5E0D00982453 /* Release */,
			);
			defaultConfigurationIsVisible = 0;
			defaultConfigurationName = Release;
		};
		084A31C21E6D5E0D00982453 /* Build configuration list for PBXNativeTarget "SQLiteSyncDemo" */ = {
			isa = XCConfigurationList;
			buildConfigurations = (
				084A31C31E6D5E0D00982453 /* Debug */,
				084A31C41E6D5E0D00982453 /* Release */,
			);
			defaultConfigurationIsVisible = 0;
			defaultConfigurationName = Release;
		};
/* End XCConfigurationList section */
	};
	rootObject = 084A31A31E6D5E0D00982453 /* Project object */;
}
