
Microsoft Visual Studio Solution File, Format Version 12.00
# Visual Studio 2012
Project("{D954291E-2A0B-460D-934E-DC6B0785DB48}") = "SQLiteSyncCOMLibXamarin", "SQLiteSyncCOMLibXamarin\SQLiteSyncCOMLibXamarin.shproj", "{FF6AFE43-B503-4F26-8B56-DD4961FD7CBD}"
EndProject
Project("{FAE04EC0-301F-11D3-BF4B-00C04F79EFBC}") = "SQLiteSyncCOMLibXamarin.iOS", "iOS\SQLiteSyncCOMLibXamarin.iOS.csproj", "{BFD122C5-A6E6-4EA8-9D6D-397B0F8AB21B}"
EndProject
Project("{FAE04EC0-301F-11D3-BF4B-00C04F79EFBC}") = "SQLiteSyncCOMLibXamarin.Droid", "Droid\SQLiteSyncCOMLibXamarin.Droid.csproj", "{AEDC4364-7BE5-4F9B-8A9F-CB843B5628F1}"
EndProject
Global
	GlobalSection(SolutionConfigurationPlatforms) = preSolution
		Debug|iPhoneSimulator = Debug|iPhoneSimulator
		Release|iPhone = Release|iPhone
		Release|iPhoneSimulator = Release|iPhoneSimulator
		Debug|iPhone = Debug|iPhone
		Debug|Any CPU = Debug|Any CPU
		Release|Any CPU = Release|Any CPU
	EndGlobalSection
	GlobalSection(ProjectConfigurationPlatforms) = postSolution
		{AEDC4364-7BE5-4F9B-8A9F-CB843B5628F1}.Debug|Any CPU.ActiveCfg = Debug|Any CPU
		{AEDC4364-7BE5-4F9B-8A9F-CB843B5628F1}.Debug|Any CPU.Build.0 = Debug|Any CPU
		{AEDC4364-7BE5-4F9B-8A9F-CB843B5628F1}.Debug|iPhone.ActiveCfg = Debug|Any CPU
		{AEDC4364-7BE5-4F9B-8A9F-CB843B5628F1}.Debug|iPhone.Build.0 = Debug|Any CPU
		{AEDC4364-7BE5-4F9B-8A9F-CB843B5628F1}.Debug|iPhoneSimulator.ActiveCfg = Debug|Any CPU
		{AEDC4364-7BE5-4F9B-8A9F-CB843B5628F1}.Debug|iPhoneSimulator.Build.0 = Debug|Any CPU
		{AEDC4364-7BE5-4F9B-8A9F-CB843B5628F1}.Release|Any CPU.ActiveCfg = Release|Any CPU
		{AEDC4364-7BE5-4F9B-8A9F-CB843B5628F1}.Release|Any CPU.Build.0 = Release|Any CPU
		{AEDC4364-7BE5-4F9B-8A9F-CB843B5628F1}.Release|iPhone.ActiveCfg = Release|Any CPU
		{AEDC4364-7BE5-4F9B-8A9F-CB843B5628F1}.Release|iPhone.Build.0 = Release|Any CPU
		{AEDC4364-7BE5-4F9B-8A9F-CB843B5628F1}.Release|iPhoneSimulator.ActiveCfg = Release|Any CPU
		{AEDC4364-7BE5-4F9B-8A9F-CB843B5628F1}.Release|iPhoneSimulator.Build.0 = Release|Any CPU
		{BFD122C5-A6E6-4EA8-9D6D-397B0F8AB21B}.Debug|Any CPU.ActiveCfg = Debug|iPhoneSimulator
		{BFD122C5-A6E6-4EA8-9D6D-397B0F8AB21B}.Debug|Any CPU.Build.0 = Debug|iPhoneSimulator
		{BFD122C5-A6E6-4EA8-9D6D-397B0F8AB21B}.Debug|iPhone.ActiveCfg = Debug|iPhone
		{BFD122C5-A6E6-4EA8-9D6D-397B0F8AB21B}.Debug|iPhone.Build.0 = Debug|iPhone
		{BFD122C5-A6E6-4EA8-9D6D-397B0F8AB21B}.Debug|iPhoneSimulator.ActiveCfg = Debug|iPhoneSimulator
		{BFD122C5-A6E6-4EA8-9D6D-397B0F8AB21B}.Debug|iPhoneSimulator.Build.0 = Debug|iPhoneSimulator
		{BFD122C5-A6E6-4EA8-9D6D-397B0F8AB21B}.Release|Any CPU.ActiveCfg = Release|iPhone
		{BFD122C5-A6E6-4EA8-9D6D-397B0F8AB21B}.Release|Any CPU.Build.0 = Release|iPhone
		{BFD122C5-A6E6-4EA8-9D6D-397B0F8AB21B}.Release|iPhone.ActiveCfg = Release|iPhone
		{BFD122C5-A6E6-4EA8-9D6D-397B0F8AB21B}.Release|iPhone.Build.0 = Release|iPhone
		{BFD122C5-A6E6-4EA8-9D6D-397B0F8AB21B}.Release|iPhoneSimulator.ActiveCfg = Release|iPhoneSimulator
		{BFD122C5-A6E6-4EA8-9D6D-397B0F8AB21B}.Release|iPhoneSimulator.Build.0 = Release|iPhoneSimulator
	EndGlobalSection
EndGlobal
