
Microsoft Visual Studio Solution File, Format Version 12.00
# Visual Studio 2012
Project("{FAE04EC0-301F-11D3-BF4B-00C04F79EFBC}") = "SQLiteSyncCOMCsharp", "SQLiteSyncCOMCsharp.csproj", "{4C1604C8-1A1D-4D7A-845F-5AE668C70393}"
EndProject
Project("{FAE04EC0-301F-11D3-BF4B-00C04F79EFBC}") = "SampleApp", "..\SampleApp\SampleApp.csproj", "{8D3A921D-F84F-4894-A40F-A11BE867E82A}"
EndProject
Global
	GlobalSection(SolutionConfigurationPlatforms) = preSolution
		Debug|Any CPU = Debug|Any CPU
		Release|Any CPU = Release|Any CPU
	EndGlobalSection
	GlobalSection(ProjectConfigurationPlatforms) = postSolution
		{4C1604C8-1A1D-4D7A-845F-5AE668C70393}.Debug|Any CPU.ActiveCfg = Debug|Any CPU
		{4C1604C8-1A1D-4D7A-845F-5AE668C70393}.Debug|Any CPU.Build.0 = Debug|Any CPU
		{4C1604C8-1A1D-4D7A-845F-5AE668C70393}.Release|Any CPU.ActiveCfg = Release|Any CPU
		{4C1604C8-1A1D-4D7A-845F-5AE668C70393}.Release|Any CPU.Build.0 = Release|Any CPU
		{8D3A921D-F84F-4894-A40F-A11BE867E82A}.Debug|Any CPU.ActiveCfg = Debug|Any CPU
		{8D3A921D-F84F-4894-A40F-A11BE867E82A}.Debug|Any CPU.Build.0 = Debug|Any CPU
		{8D3A921D-F84F-4894-A40F-A11BE867E82A}.Release|Any CPU.ActiveCfg = Release|Any CPU
		{8D3A921D-F84F-4894-A40F-A11BE867E82A}.Release|Any CPU.Build.0 = Release|Any CPU
	EndGlobalSection
	GlobalSection(SolutionProperties) = preSolution
		HideSolutionNode = FALSE
	EndGlobalSection
EndGlobal
